
Microsoft Visual Studio Solution File, Format Version 12.00
# Visual Studio Version 17
VisualStudioVersion = 17.12.35527.113 d17.12
MinimumVisualStudioVersion = 10.0.40219.1
Project("{FAE04EC0-301F-11D3-BF4B-00C04F79EFBC}") = "AppTempoAgora", "AppTempoAgora\AppTempoAgora.csproj", "{83724E50-BBC3-4D65-AC48-4CB9F33D7706}"
EndProject
Global
	GlobalSection(SolutionConfigurationPlatforms) = preSolution
		Debug|Any CPU = Debug|Any CPU
		Release|Any CPU = Release|Any CPU
	EndGlobalSection
	GlobalSection(ProjectConfigurationPlatforms) = postSolution
		{83724E50-BBC3-4D65-AC48-4CB9F33D7706}.Debug|Any CPU.ActiveCfg = Debug|Any CPU
		{83724E50-BBC3-4D65-AC48-4CB9F33D7706}.Debug|Any CPU.Build.0 = Debug|Any CPU
		{83724E50-BBC3-4D65-AC48-4CB9F33D7706}.Release|Any CPU.ActiveCfg = Release|Any CPU
		{83724E50-BBC3-4D65-AC48-4CB9F33D7706}.Release|Any CPU.Build.0 = Release|Any CPU
	EndGlobalSection
	GlobalSection(SolutionProperties) = preSolution
		HideSolutionNode = FALSE
	EndGlobalSection
EndGlobal
